
Microsoft Visual Studio Solution File, Format Version 12.00
# Visual Studio Version 16
VisualStudioVersion = 16.0.31729.503
MinimumVisualStudioVersion = 10.0.40219.1
Project("{FAE04EC0-301F-11D3-BF4B-00C04F79EFBC}") = "bicicleta", "bicicleta\bicicleta.csproj", "{DD1E63F1-6909-4F1B-991A-62004BD1167D}"
EndProject
Global
	GlobalSection(SolutionConfigurationPlatforms) = preSolution
		Debug|Any CPU = Debug|Any CPU
		Release|Any CPU = Release|Any CPU
	EndGlobalSection
	GlobalSection(ProjectConfigurationPlatforms) = postSolution
		{DD1E63F1-6909-4F1B-991A-62004BD1167D}.Debug|Any CPU.ActiveCfg = Debug|Any CPU
		{DD1E63F1-6909-4F1B-991A-62004BD1167D}.Debug|Any CPU.Build.0 = Debug|Any CPU
		{DD1E63F1-6909-4F1B-991A-62004BD1167D}.Release|Any CPU.ActiveCfg = Release|Any CPU
		{DD1E63F1-6909-4F1B-991A-62004BD1167D}.Release|Any CPU.Build.0 = Release|Any CPU
	EndGlobalSection
	GlobalSection(SolutionProperties) = preSolution
		HideSolutionNode = FALSE
	EndGlobalSection
	GlobalSection(ExtensibilityGlobals) = postSolution
		SolutionGuid = {BCD79591-A656-41DB-A258-E0A4B4806653}
	EndGlobalSection
EndGlobal
